
Microsoft Visual Studio Solution File, Format Version 12.00
# Visual Studio 15
VisualStudioVersion = 15.0.28307.421
MinimumVisualStudioVersion = 10.0.40219.1
Project("{FAE04EC0-301F-11D3-BF4B-00C04F79EFBC}") = "slnStored", "slnStored\slnStored.csproj", "{630C1888-8F83-4F58-8F4D-CD1AC91DC717}"
EndProject
Global
	GlobalSection(SolutionConfigurationPlatforms) = preSolution
		Debug|Any CPU = Debug|Any CPU
		Release|Any CPU = Release|Any CPU
	EndGlobalSection
	GlobalSection(ProjectConfigurationPlatforms) = postSolution
		{630C1888-8F83-4F58-8F4D-CD1AC91DC717}.Debug|Any CPU.ActiveCfg = Debug|Any CPU
		{630C1888-8F83-4F58-8F4D-CD1AC91DC717}.Debug|Any CPU.Build.0 = Debug|Any CPU
		{630C1888-8F83-4F58-8F4D-CD1AC91DC717}.Release|Any CPU.ActiveCfg = Release|Any CPU
		{630C1888-8F83-4F58-8F4D-CD1AC91DC717}.Release|Any CPU.Build.0 = Release|Any CPU
	EndGlobalSection
	GlobalSection(SolutionProperties) = preSolution
		HideSolutionNode = FALSE
	EndGlobalSection
	GlobalSection(ExtensibilityGlobals) = postSolution
		SolutionGuid = {B4AA163B-6566-492E-9ADA-9191AF027CBD}
	EndGlobalSection
EndGlobal
